// !$*UTF8*$!
{
	archiveVersion = 1;
	classes = {
	};
	objectVersion = 56;
	objects = {

/* Begin PBXBuildFile section */
		8C19FD6828F794740069AC3C /* Realm in Frameworks */ = {isa = PBXBuildFile; productRef = 8C19FD6728F794740069AC3C /* Realm */; };
		8C19FD6A28F794740069AC3C /* RealmSwift in Frameworks */ = {isa = PBXBuildFile; productRef = 8C19FD6928F794740069AC3C /* RealmSwift */; };
		8C19FD6C28F799FF0069AC3C /* Todo.swift in Sources */ = {isa = PBXBuildFile; fileRef = 8C19FD6B28F799FF0069AC3C /* Todo.swift */; };
		8C19FD6E28F79BA40069AC3C /* MigrationViewController.swift in Sources */ = {isa = PBXBuildFile; fileRef = 8C19FD6D28F79BA40069AC3C /* MigrationViewController.swift */; };
		8C977CC828F4F97E003426C5 /* FirebaseAnalyticsWithoutAdIdSupport in Frameworks */ = {isa = PBXBuildFile; productRef = 8C977CC728F4F97E003426C5 /* FirebaseAnalyticsWithoutAdIdSupport */; };
		8C977CCA28F4F97E003426C5 /* FirebaseCrashlytics in Frameworks */ = {isa = PBXBuildFile; productRef = 8C977CC928F4F97E003426C5 /* FirebaseCrashlytics */; };
		8C977CCC28F4F97E003426C5 /* FirebaseMessaging in Frameworks */ = {isa = PBXBuildFile; productRef = 8C977CCB28F4F97E003426C5 /* FirebaseMessaging */; };
		8CB9D27F28ED157600746E16 /* AppDelegate.swift in Sources */ = {isa = PBXBuildFile; fileRef = 8CB9D27E28ED157600746E16 /* AppDelegate.swift */; };
		8CB9D28128ED157600746E16 /* SceneDelegate.swift in Sources */ = {isa = PBXBuildFile; fileRef = 8CB9D28028ED157600746E16 /* SceneDelegate.swift */; };
		8CB9D28328ED157600746E16 /* ViewController.swift in Sources */ = {isa = PBXBuildFile; fileRef = 8CB9D28228ED157600746E16 /* ViewController.swift */; };
		8CB9D28628ED157600746E16 /* Main.storyboard in Resources */ = {isa = PBXBuildFile; fileRef = 8CB9D28428ED157600746E16 /* Main.storyboard */; };
		8CB9D28828ED157800746E16 /* Assets.xcassets in Resources */ = {isa = PBXBuildFile; fileRef = 8CB9D28728ED157800746E16 /* Assets.xcassets */; };
		8CB9D28B28ED157800746E16 /* LaunchScreen.storyboard in Resources */ = {isa = PBXBuildFile; fileRef = 8CB9D28928ED157800746E16 /* LaunchScreen.storyboard */; };
		8CB9D29328ED1D5100746E16 /* GoogleService-Info.plist in Resources */ = {isa = PBXBuildFile; fileRef = 8CB9D29228ED1D5100746E16 /* GoogleService-Info.plist */; };
/* End PBXBuildFile section */

/* Begin PBXFileReference section */
		8C19FD6B28F799FF0069AC3C /* Todo.swift */ = {isa = PBXFileReference; lastKnownFileType = sourcecode.swift; path = Todo.swift; sourceTree = "<group>"; };
		8C19FD6D28F79BA40069AC3C /* MigrationViewController.swift */ = {isa = PBXFileReference; lastKnownFileType = sourcecode.swift; path = MigrationViewController.swift; sourceTree = "<group>"; };
		8CB9D27B28ED157600746E16 /* FirebaseExample.app */ = {isa = PBXFileReference; explicitFileType = wrapper.application; includeInIndex = 0; path = FirebaseExample.app; sourceTree = BUILT_PRODUCTS_DIR; };
		8CB9D27E28ED157600746E16 /* AppDelegate.swift */ = {isa = PBXFileReference; lastKnownFileType = sourcecode.swift; path = AppDelegate.swift; sourceTree = "<group>"; };
		8CB9D28028ED157600746E16 /* SceneDelegate.swift */ = {isa = PBXFileReference; lastKnownFileType = sourcecode.swift; path = SceneDelegate.swift; sourceTree = "<group>"; };
		8CB9D28228ED157600746E16 /* ViewController.swift */ = {isa = PBXFileReference; lastKnownFileType = sourcecode.swift; path = ViewController.swift; sourceTree = "<group>"; };
		8CB9D28528ED157600746E16 /* Base */ = {isa = PBXFileReference; lastKnownFileType = file.storyboard; name = Base; path = Base.lproj/Main.storyboard; sourceTree = "<group>"; };
		8CB9D28728ED157800746E16 /* Assets.xcassets */ = {isa = PBXFileReference; lastKnownFileType = folder.assetcatalog; path = Assets.xcassets; sourceTree = "<group>"; };
		8CB9D28A28ED157800746E16 /* Base */ = {isa = PBXFileReference; lastKnownFileType = file.storyboard; name = Base; path = Base.lproj/LaunchScreen.storyboard; sourceTree = "<group>"; };
		8CB9D28C28ED157800746E16 /* Info.plist */ = {isa = PBXFileReference; lastKnownFileType = text.plist.xml; path = Info.plist; sourceTree = "<group>"; };
		8CB9D29228ED1D5100746E16 /* GoogleService-Info.plist */ = {isa = PBXFileReference; fileEncoding = 4; lastKnownFileType = text.plist.xml; path = "GoogleService-Info.plist"; sourceTree = "<group>"; };
		8CBBE65128F5115200EED07D /* FirebaseExample.entitlements */ = {isa = PBXFileReference; lastKnownFileType = text.plist.entitlements; path = FirebaseExample.entitlements; sourceTree = "<group>"; };
/* End PBXFileReference section */

/* Begin PBXFrameworksBuildPhase section */
		8CB9D27828ED157600746E16 /* Frameworks */ = {
			isa = PBXFrameworksBuildPhase;
			buildActionMask = 2147483647;
			files = (
				8C977CCC28F4F97E003426C5 /* FirebaseMessaging in Frameworks */,
				8C977CC828F4F97E003426C5 /* FirebaseAnalyticsWithoutAdIdSupport in Frameworks */,
				8C19FD6828F794740069AC3C /* Realm in Frameworks */,
				8C19FD6A28F794740069AC3C /* RealmSwift in Frameworks */,
				8C977CCA28F4F97E003426C5 /* FirebaseCrashlytics in Frameworks */,
			);
			runOnlyForDeploymentPostprocessing = 0;
		};
/* End PBXFrameworksBuildPhase section */

/* Begin PBXGroup section */
		8CB9D27228ED157600746E16 = {
			isa = PBXGroup;
			children = (
				8CB9D27D28ED157600746E16 /* FirebaseExample */,
				8CB9D27C28ED157600746E16 /* Products */,
			);
			sourceTree = "<group>";
		};
		8CB9D27C28ED157600746E16 /* Products */ = {
			isa = PBXGroup;
			children = (
				8CB9D27B28ED157600746E16 /* FirebaseExample.app */,
			);
			name = Products;
			sourceTree = "<group>";
		};
		8CB9D27D28ED157600746E16 /* FirebaseExample */ = {
			isa = PBXGroup;
			children = (
				8CBBE65128F5115200EED07D /* FirebaseExample.entitlements */,
				8CB9D29228ED1D5100746E16 /* GoogleService-Info.plist */,
				8CB9D27E28ED157600746E16 /* AppDelegate.swift */,
				8CB9D28028ED157600746E16 /* SceneDelegate.swift */,
				8CB9D28228ED157600746E16 /* ViewController.swift */,
				8CB9D28428ED157600746E16 /* Main.storyboard */,
				8CB9D28728ED157800746E16 /* Assets.xcassets */,
				8CB9D28928ED157800746E16 /* LaunchScreen.storyboard */,
				8CB9D28C28ED157800746E16 /* Info.plist */,
				8C19FD6B28F799FF0069AC3C /* Todo.swift */,
				8C19FD6D28F79BA40069AC3C /* MigrationViewController.swift */,
			);
			path = FirebaseExample;
			sourceTree = "<group>";
		};
/* End PBXGroup section */

/* Begin PBXNativeTarget section */
		8CB9D27A28ED157600746E16 /* FirebaseExample */ = {
			isa = PBXNativeTarget;
			buildConfigurationList = 8CB9D28F28ED157800746E16 /* Build configuration list for PBXNativeTarget "FirebaseExample" */;
			buildPhases = (
				8CB9D27728ED157600746E16 /* Sources */,
				8CB9D27828ED157600746E16 /* Frameworks */,
				8CB9D27928ED157600746E16 /* Resources */,
				8CB9D29828ED2E7000746E16 /* ShellScript */,
			);
			buildRules = (
			);
			dependencies = (
			);
			name = FirebaseExample;
			packageProductDependencies = (
				8C977CC728F4F97E003426C5 /* FirebaseAnalyticsWithoutAdIdSupport */,
				8C977CC928F4F97E003426C5 /* FirebaseCrashlytics */,
				8C977CCB28F4F97E003426C5 /* FirebaseMessaging */,
				8C19FD6728F794740069AC3C /* Realm */,
				8C19FD6928F794740069AC3C /* RealmSwift */,
			);
			productName = FirebaseExample;
			productReference = 8CB9D27B28ED157600746E16 /* FirebaseExample.app */;
			productType = "com.apple.product-type.application";
		};
/* End PBXNativeTarget section */

/* Begin PBXProject section */
		8CB9D27328ED157600746E16 /* Project object */ = {
			isa = PBXProject;
			attributes = {
				BuildIndependentTargetsInParallel = 1;
				LastSwiftUpdateCheck = 1400;
				LastUpgradeCheck = 1400;
				TargetAttributes = {
					8CB9D27A28ED157600746E16 = {
						CreatedOnToolsVersion = 14.0;
					};
				};
			};
			buildConfigurationList = 8CB9D27628ED157600746E16 /* Build configuration list for PBXProject "FirebaseExample" */;
			compatibilityVersion = "Xcode 14.0";
			developmentRegion = en;
			hasScannedForEncodings = 0;
			knownRegions = (
				en,
				Base,
			);
			mainGroup = 8CB9D27228ED157600746E16;
			packageReferences = (
				8C977CC628F4F97E003426C5 /* XCRemoteSwiftPackageReference "firebase-ios-sdk" */,
				8C19FD6628F794740069AC3C /* XCRemoteSwiftPackageReference "realm-swift" */,
			);
			productRefGroup = 8CB9D27C28ED157600746E16 /* Products */;
			projectDirPath = "";
			projectRoot = "";
			targets = (
				8CB9D27A28ED157600746E16 /* FirebaseExample */,
			);
		};
/* End PBXProject section */

/* Begin PBXResourcesBuildPhase section */
		8CB9D27928ED157600746E16 /* Resources */ = {
			isa = PBXResourcesBuildPhase;
			buildActionMask = 2147483647;
			files = (
				8CB9D28B28ED157800746E16 /* LaunchScreen.storyboard in Resources */,
				8CB9D29328ED1D5100746E16 /* GoogleService-Info.plist in Resources */,
				8CB9D28828ED157800746E16 /* Assets.xcassets in Resources */,
				8CB9D28628ED157600746E16 /* Main.storyboard in Resources */,
			);
			runOnlyForDeploymentPostprocessing = 0;
		};
/* End PBXResourcesBuildPhase section */

/* Begin PBXShellScriptBuildPhase section */
		8CB9D29828ED2E7000746E16 /* ShellScript */ = {
			isa = PBXShellScriptBuildPhase;
			buildActionMask = 2147483647;
			files = (
			);
			inputFileListPaths = (
			);
			inputPaths = (
				"${DWARF_DSYM_FOLDER_PATH}/${DWARF_DSYM_FILE_NAME}/Contents/Resources/DWARF/${TARGET_NAME}",
				"$(SRCROOT)/$(BUILT_PRODUCTS_DIR)/$(INFOPLIST_PATH)",
			);
			outputFileListPaths = (
			);
			outputPaths = (
			);
			runOnlyForDeploymentPostprocessing = 0;
			shellPath = /bin/sh;
			shellScript = "# Type a script or drag a script file from your workspace to insert its path.\n\"${BUILD_DIR%/Build/*}/SourcePackages/checkouts/firebase-ios-sdk/Crashlytics/run\"\n";
		};
/* End PBXShellScriptBuildPhase section */

/* Begin PBXSourcesBuildPhase section */
		8CB9D27728ED157600746E16 /* Sources */ = {
			isa = PBXSourcesBuildPhase;
			buildActionMask = 2147483647;
			files = (
				8CB9D28328ED157600746E16 /* ViewController.swift in Sources */,
				8CB9D27F28ED157600746E16 /* AppDelegate.swift in Sources */,
				8C19FD6E28F79BA40069AC3C /* MigrationViewController.swift in Sources */,
				8CB9D28128ED157600746E16 /* SceneDelegate.swift in Sources */,
				8C19FD6C28F799FF0069AC3C /* Todo.swift in Sources */,
			);
			runOnlyForDeploymentPostprocessing = 0;
		};
/* End PBXSourcesBuildPhase section */

/* Begin PBXVariantGroup section */
		8CB9D28428ED157600746E16 /* Main.storyboard */ = {
			isa = PBXVariantGroup;
			children = (
				8CB9D28528ED157600746E16 /* Base */,
			);
			name = Main.storyboard;
			sourceTree = "<group>";
		};
		8CB9D28928ED157800746E16 /* LaunchScreen.storyboard */ = {
			isa = PBXVariantGroup;
			children = (
				8CB9D28A28ED157800746E16 /* Base */,
			);
			name = LaunchScreen.storyboard;
			sourceTree = "<group>";
		};
/* End PBXVariantGroup section */

/* Begin XCBuildConfiguration section */
		8CB9D28D28ED157800746E16 /* Debug */ = {
			isa = XCBuildConfiguration;
			buildSettings = {
				ALWAYS_SEARCH_USER_PATHS = NO;
				CLANG_ANALYZER_NONNULL = YES;
				CLANG_ANALYZER_NUMBER_OBJECT_CONVERSION = YES_AGGRESSIVE;
				CLANG_CXX_LANGUAGE_STANDARD = "gnu++20";
				CLANG_ENABLE_MODULES = YES;
				CLANG_ENABLE_OBJC_ARC = YES;
				CLANG_ENABLE_OBJC_WEAK = YES;
				CLANG_WARN_BLOCK_CAPTURE_AUTORELEASING = YES;
				CLANG_WARN_BOOL_CONVERSION = YES;
				CLANG_WARN_COMMA = YES;
				CLANG_WARN_CONSTANT_CONVERSION = YES;
				CLANG_WARN_DEPRECATED_OBJC_IMPLEMENTATIONS = YES;
				CLANG_WARN_DIRECT_OBJC_ISA_USAGE = YES_ERROR;
				CLANG_WARN_DOCUMENTATION_COMMENTS = YES;
				CLANG_WARN_EMPTY_BODY = YES;
				CLANG_WARN_ENUM_CONVERSION = YES;
				CLANG_WARN_INFINITE_RECURSION = YES;
				CLANG_WARN_INT_CONVERSION = YES;
				CLANG_WARN_NON_LITERAL_NULL_CONVERSION = YES;
				CLANG_WARN_OBJC_IMPLICIT_RETAIN_SELF = YES;
				CLANG_WARN_OBJC_LITERAL_CONVERSION = YES;
				CLANG_WARN_OBJC_ROOT_CLASS = YES_ERROR;
				CLANG_WARN_QUOTED_INCLUDE_IN_FRAMEWORK_HEADER = YES;
				CLANG_WARN_RANGE_LOOP_ANALYSIS = YES;
				CLANG_WARN_STRICT_PROTOTYPES = YES;
				CLANG_WARN_SUSPICIOUS_MOVE = YES;
				CLANG_WARN_UNGUARDED_AVAILABILITY = YES_AGGRESSIVE;
				CLANG_WARN_UNREACHABLE_CODE = YES;
				CLANG_WARN__DUPLICATE_METHOD_MATCH = YES;
				COPY_PHASE_STRIP = NO;
				DEBUG_INFORMATION_FORMAT = dwarf;
				ENABLE_STRICT_OBJC_MSGSEND = YES;
				ENABLE_TESTABILITY = YES;
				GCC_C_LANGUAGE_STANDARD = gnu11;
				GCC_DYNAMIC_NO_PIC = NO;
				GCC_NO_COMMON_BLOCKS = YES;
				GCC_OPTIMIZATION_LEVEL = 0;
				GCC_PREPROCESSOR_DEFINITIONS = (
					"DEBUG=1",
					"$(inherited)",
				);
				GCC_WARN_64_TO_32_BIT_CONVERSION = YES;
				GCC_WARN_ABOUT_RETURN_TYPE = YES_ERROR;
				GCC_WARN_UNDECLARED_SELECTOR = YES;
				GCC_WARN_UNINITIALIZED_AUTOS = YES_AGGRESSIVE;
				GCC_WARN_UNUSED_FUNCTION = YES;
				GCC_WARN_UNUSED_VARIABLE = YES;
				IPHONEOS_DEPLOYMENT_TARGET = 15.0;
				MTL_ENABLE_DEBUG_INFO = INCLUDE_SOURCE;
				MTL_FAST_MATH = YES;
				ONLY_ACTIVE_ARCH = YES;
				SDKROOT = iphoneos;
				SWIFT_ACTIVE_COMPILATION_CONDITIONS = DEBUG;
				SWIFT_OPTIMIZATION_LEVEL = "-Onone";
			};
			name = Debug;
		};
		8CB9D28E28ED157800746E16 /* Release */ = {
			isa = XCBuildConfiguration;
			buildSettings = {
				ALWAYS_SEARCH_USER_PATHS = NO;
				CLANG_ANALYZER_NONNULL = YES;
				CLANG_ANALYZER_NUMBER_OBJECT_CONVERSION = YES_AGGRESSIVE;
				CLANG_CXX_LANGUAGE_STANDARD = "gnu++20";
				CLANG_ENABLE_MODULES = YES;
				CLANG_ENABLE_OBJC_ARC = YES;
				CLANG_ENABLE_OBJC_WEAK = YES;
				CLANG_WARN_BLOCK_CAPTURE_AUTORELEASING = YES;
				CLANG_WARN_BOOL_CONVERSION = YES;
				CLANG_WARN_COMMA = YES;
				CLANG_WARN_CONSTANT_CONVERSION = YES;
				CLANG_WARN_DEPRECATED_OBJC_IMPLEMENTATIONS = YES;
				CLANG_WARN_DIRECT_OBJC_ISA_USAGE = YES_ERROR;
				CLANG_WARN_DOCUMENTATION_COMMENTS = YES;
				CLANG_WARN_EMPTY_BODY = YES;
				CLANG_WARN_ENUM_CONVERSION = YES;
				CLANG_WARN_INFINITE_RECURSION = YES;
				CLANG_WARN_INT_CONVERSION = YES;
				CLANG_WARN_NON_LITERAL_NULL_CONVERSION = YES;
				CLANG_WARN_OBJC_IMPLICIT_RETAIN_SELF = YES;
				CLANG_WARN_OBJC_LITERAL_CONVERSION = YES;
				CLANG_WARN_OBJC_ROOT_CLASS = YES_ERROR;
				CLANG_WARN_QUOTED_INCLUDE_IN_FRAMEWORK_HEADER = YES;
				CLANG_WARN_RANGE_LOOP_ANALYSIS = YES;
				CLANG_WARN_STRICT_PROTOTYPES = YES;
				CLANG_WARN_SUSPICIOUS_MOVE = YES;
				CLANG_WARN_UNGUARDED_AVAILABILITY = YES_AGGRESSIVE;
				CLANG_WARN_UNREACHABLE_CODE = YES;
				CLANG_WARN__DUPLICATE_METHOD_MATCH = YES;
				COPY_PHASE_STRIP = NO;
				DEBUG_INFORMATION_FORMAT = "dwarf-with-dsym";
				ENABLE_NS_ASSERTIONS = NO;
				ENABLE_STRICT_OBJC_MSGSEND = YES;
				GCC_C_LANGUAGE_STANDARD = gnu11;
				GCC_NO_COMMON_BLOCKS = YES;
				GCC_WARN_64_TO_32_BIT_CONVERSION = YES;
				GCC_WARN_ABOUT_RETURN_TYPE = YES_ERROR;
				GCC_WARN_UNDECLARED_SELECTOR = YES;
				GCC_WARN_UNINITIALIZED_AUTOS = YES_AGGRESSIVE;
				GCC_WARN_UNUSED_FUNCTION = YES;
				GCC_WARN_UNUSED_VARIABLE = YES;
				IPHONEOS_DEPLOYMENT_TARGET = 15.0;
				MTL_ENABLE_DEBUG_INFO = NO;
				MTL_FAST_MATH = YES;
				SDKROOT = iphoneos;
				SWIFT_COMPILATION_MODE = wholemodule;
				SWIFT_OPTIMIZATION_LEVEL = "-O";
				VALIDATE_PRODUCT = YES;
			};
			name = Release;
		};
		8CB9D29028ED157800746E16 /* Debug */ = {
			isa = XCBuildConfiguration;
			buildSettings = {
				ASSETCATALOG_COMPILER_APPICON_NAME = AppIcon;
				ASSETCATALOG_COMPILER_GLOBAL_ACCENT_COLOR_NAME = AccentColor;
				CODE_SIGN_ENTITLEMENTS = FirebaseExample/FirebaseExample.entitlements;
				CODE_SIGN_STYLE = Automatic;
				CURRENT_PROJECT_VERSION = 1;
				DEBUG_INFORMATION_FORMAT = "dwarf-with-dsym";
				DEVELOPMENT_TEAM = 5C6W5SYCQQ;
				GENERATE_INFOPLIST_FILE = YES;
				INFOPLIST_FILE = FirebaseExample/Info.plist;
				INFOPLIST_KEY_UIApplicationSupportsIndirectInputEvents = YES;
				INFOPLIST_KEY_UILaunchStoryboardName = LaunchScreen;
				INFOPLIST_KEY_UIMainStoryboardFile = Main;
				INFOPLIST_KEY_UISupportedInterfaceOrientations_iPad = "UIInterfaceOrientationPortrait UIInterfaceOrientationPortraitUpsideDown UIInterfaceOrientationLandscapeLeft UIInterfaceOrientationLandscapeRight";
				INFOPLIST_KEY_UISupportedInterfaceOrientations_iPhone = "UIInterfaceOrientationPortrait UIInterfaceOrientationLandscapeLeft UIInterfaceOrientationLandscapeRight";
				LD_RUNPATH_SEARCH_PATHS = (
					"$(inherited)",
					"@executable_path/Frameworks",
				);
				MARKETING_VERSION = 1.0;
				PRODUCT_BUNDLE_IDENTIFIER = com.kate.FirebaseExample;
				PRODUCT_NAME = "$(TARGET_NAME)";
				SWIFT_EMIT_LOC_STRINGS = YES;
				SWIFT_VERSION = 5.0;
				TARGETED_DEVICE_FAMILY = "1,2";
			};
			name = Debug;
		};
		8CB9D29128ED157800746E16 /* Release */ = {
			isa = XCBuildConfiguration;
			buildSettings = {
				ASSETCATALOG_COMPILER_APPICON_NAME = AppIcon;
				ASSETCATALOG_COMPILER_GLOBAL_ACCENT_COLOR_NAME = AccentColor;
				CODE_SIGN_ENTITLEMENTS = FirebaseExample/FirebaseExample.entitlements;
				CODE_SIGN_STYLE = Automatic;
				CURRENT_PROJECT_VERSION = 1;
				DEVELOPMENT_TEAM = 5C6W5SYCQQ;
				GENERATE_INFOPLIST_FILE = YES;
				INFOPLIST_FILE = FirebaseExample/Info.plist;
				INFOPLIST_KEY_UIApplicationSupportsIndirectInputEvents = YES;
				INFOPLIST_KEY_UILaunchStoryboardName = LaunchScreen;
				INFOPLIST_KEY_UIMainStoryboardFile = Main;
				INFOPLIST_KEY_UISupportedInterfaceOrientations_iPad = "UIInterfaceOrientationPortrait UIInterfaceOrientationPortraitUpsideDown UIInterfaceOrientationLandscapeLeft UIInterfaceOrientationLandscapeRight";
				INFOPLIST_KEY_UISupportedInterfaceOrientations_iPhone = "UIInterfaceOrientationPortrait UIInterfaceOrientationLandscapeLeft UIInterfaceOrientationLandscapeRight";
				LD_RUNPATH_SEARCH_PATHS = (
					"$(inherited)",
					"@executable_path/Frameworks",
				);
				MARKETING_VERSION = 1.0;
				PRODUCT_BUNDLE_IDENTIFIER = com.kate.FirebaseExample;
				PRODUCT_NAME = "$(TARGET_NAME)";
				SWIFT_EMIT_LOC_STRINGS = YES;
				SWIFT_VERSION = 5.0;
				TARGETED_DEVICE_FAMILY = "1,2";
			};
			name = Release;
		};
/* End XCBuildConfiguration section */

/* Begin XCConfigurationList section */
		8CB9D27628ED157600746E16 /* Build configuration list for PBXProject "FirebaseExample" */ = {
			isa = XCConfigurationList;
			buildConfigurations = (
				8CB9D28D28ED157800746E16 /* Debug */,
				8CB9D28E28ED157800746E16 /* Release */,
			);
			defaultConfigurationIsVisible = 0;
			defaultConfigurationName = Release;
		};
		8CB9D28F28ED157800746E16 /* Build configuration list for PBXNativeTarget "FirebaseExample" */ = {
			isa = XCConfigurationList;
			buildConfigurations = (
				8CB9D29028ED157800746E16 /* Debug */,
				8CB9D29128ED157800746E16 /* Release */,
			);
			defaultConfigurationIsVisible = 0;
			defaultConfigurationName = Release;
		};
/* End XCConfigurationList section */

/* Begin XCRemoteSwiftPackageReference section */
		8C19FD6628F794740069AC3C /* XCRemoteSwiftPackageReference "realm-swift" */ = {
			isa = XCRemoteSwiftPackageReference;
			repositoryURL = "https://github.com/realm/realm-swift.git";
			requirement = {
				kind = upToNextMajorVersion;
				minimumVersion = 10.31.0;
			};
		};
		8C977CC628F4F97E003426C5 /* XCRemoteSwiftPackageReference "firebase-ios-sdk" */ = {
			isa = XCRemoteSwiftPackageReference;
			repositoryURL = "https://github.com/firebase/firebase-ios-sdk.git";
			requirement = {
				kind = upToNextMajorVersion;
				minimumVersion = 9.0.0;
			};
		};
/* End XCRemoteSwiftPackageReference section */

/* Begin XCSwiftPackageProductDependency section */
		8C19FD6728F794740069AC3C /* Realm */ = {
			isa = XCSwiftPackageProductDependency;
			package = 8C19FD6628F794740069AC3C /* XCRemoteSwiftPackageReference "realm-swift" */;
			productName = Realm;
		};
		8C19FD6928F794740069AC3C /* RealmSwift */ = {
			isa = XCSwiftPackageProductDependency;
			package = 8C19FD6628F794740069AC3C /* XCRemoteSwiftPackageReference "realm-swift" */;
			productName = RealmSwift;
		};
		8C977CC728F4F97E003426C5 /* FirebaseAnalyticsWithoutAdIdSupport */ = {
			isa = XCSwiftPackageProductDependency;
			package = 8C977CC628F4F97E003426C5 /* XCRemoteSwiftPackageReference "firebase-ios-sdk" */;
			productName = FirebaseAnalyticsWithoutAdIdSupport;
		};
		8C977CC928F4F97E003426C5 /* FirebaseCrashlytics */ = {
			isa = XCSwiftPackageProductDependency;
			package = 8C977CC628F4F97E003426C5 /* XCRemoteSwiftPackageReference "firebase-ios-sdk" */;
			productName = FirebaseCrashlytics;
		};
		8C977CCB28F4F97E003426C5 /* FirebaseMessaging */ = {
			isa = XCSwiftPackageProductDependency;
			package = 8C977CC628F4F97E003426C5 /* XCRemoteSwiftPackageReference "firebase-ios-sdk" */;
			productName = FirebaseMessaging;
		};
/* End XCSwiftPackageProductDependency section */
	};
	rootObject = 8CB9D27328ED157600746E16 /* Project object */;
}
